Microsoft Visual Studio Solution File, Format Version 12.00
# Visual Studio Version 17
VisualStudioVersion = 17.5.2.0
MinimumVisualStudioVersion = 10.0.40219.1
Project("{FAE04EC0-301F-11D3-BF4B-00C04F79EFBC}") = "CRMConnect", "CRMConnect.csproj", "{449963E0-F3EB-8402-CBBE-086077776007}"
EndProject
Global
	GlobalSection(SolutionConfigurationPlatforms) = preSolution
		Debug|Any CPU = Debug|Any CPU
		Release|Any CPU = Release|Any CPU
	EndGlobalSection
	GlobalSection(ProjectConfigurationPlatforms) = postSolution
		{449963E0-F3EB-8402-CBBE-086077776007}.Debug|Any CPU.ActiveCfg = Debug|Any CPU
		{449963E0-F3EB-8402-CBBE-086077776007}.Debug|Any CPU.Build.0 = Debug|Any CPU
		{449963E0-F3EB-8402-CBBE-086077776007}.Release|Any CPU.ActiveCfg = Release|Any CPU
		{449963E0-F3EB-8402-CBBE-086077776007}.Release|Any CPU.Build.0 = Release|Any CPU
	EndGlobalSection
	GlobalSection(SolutionProperties) = preSolution
		HideSolutionNode = FALSE
	EndGlobalSection
	GlobalSection(ExtensibilityGlobals) = postSolution
		SolutionGuid = {8F7D828D-9A84-4B37-A710-C3486568F4D9}
	EndGlobalSection
EndGlobal
